
Microsoft Visual Studio Solution File, Format Version 11.00
# Visual Studio 2010
Project("{2150E333-8FDC-42A3-9474-1A3956D46DE8}") = "UserInteraction", "UserInteraction", "{73C5FC4E-0A32-42C4-9DA6-536899B1BA55}"
EndProject
Project("{2150E333-8FDC-42A3-9474-1A3956D46DE8}") = "Examples", "Examples", "{4A72A899-50C1-4A22-909A-AFE7AB1680C0}"
EndProject
Project("{FAE04EC0-301F-11D3-BF4B-00C04F79EFBC}") = "Examples.Core", "UserInteraction\Examples\Core\Examples.Core.csproj", "{F0F9C154-6855-410F-99AE-A046EFF40B59}"
EndProject
Project("{FAE04EC0-301F-11D3-BF4B-00C04F79EFBC}") = "Examples.Droid", "UserInteraction\Examples\Examples.Droid\Examples.Droid.csproj", "{BF3F7085-407F-484E-8C09-D282AB9DEA05}"
EndProject
Project("{FAE04EC0-301F-11D3-BF4B-00C04F79EFBC}") = "Examples.Touch", "UserInteraction\Examples\Examples.Touch\Examples.Touch.csproj", "{C899AE1F-6864-40E2-8F14-517B11CE8468}"
EndProject
Project("{FAE04EC0-301F-11D3-BF4B-00C04F79EFBC}") = "UserInteraction.Core", "UserInteraction\Core\UserInteraction.Core.csproj", "{BB6519DA-DA8F-40E6-8B05-B96887074492}"
EndProject
Project("{FAE04EC0-301F-11D3-BF4B-00C04F79EFBC}") = "UserInteraction.Droid", "UserInteraction\Droid\UserInteraction.Droid.csproj", "{4739F170-A5A2-4E28-8415-FDD85F6C1DCD}"
EndProject
Project("{FAE04EC0-301F-11D3-BF4B-00C04F79EFBC}") = "UserInteraction.Touch", "UserInteraction\UserInteraction.Touch\UserInteraction.Touch.csproj", "{0FEAF596-628C-469A-A273-ED151B2BD491}"
EndProject
Project("{2150E333-8FDC-42A3-9474-1A3956D46DE8}") = "Feedback Dialog", "Feedback Dialog", "{FEAAA8F6-F978-47D4-9942-0ECF9D48DB1E}"
EndProject
Project("{FAE04EC0-301F-11D3-BF4B-00C04F79EFBC}") = "FeedbackDialog.Core", "FeedbackDialog\FeedbackDialog.Core\FeedbackDialog.Core.csproj", "{B9290266-2922-4BC4-97B6-D4C5E018A30C}"
EndProject
Project("{2150E333-8FDC-42A3-9474-1A3956D46DE8}") = "Examples", "Examples", "{C551EB0A-0CF1-4CB0-B64F-1EF57FB7C600}"
EndProject
Project("{FAE04EC0-301F-11D3-BF4B-00C04F79EFBC}") = "FeedbackDialog.Examples.Core", "FeedbackDialog\Examples\FeedbackDialog.Examples.Core\FeedbackDialog.Examples.Core.csproj", "{033ED4D7-F90F-47E6-8F14-D43DE8640B9E}"
EndProject
Project("{FAE04EC0-301F-11D3-BF4B-00C04F79EFBC}") = "FeedbackDialog.Examples.Touch", "FeedbackDialog\Examples\FeedbackDialog.Examples.Core\FeedbackDialog.Examples.Touch\FeedbackDialog.Examples.Touch.csproj", "{AB8E669D-3B54-41C5-9FC0-8F50640AFE36}"
EndProject
Global
	GlobalSection(SolutionConfigurationPlatforms) = preSolution
		Debug|Any CPU = Debug|Any CPU
		Release|Any CPU = Release|Any CPU
		Debug|iPhoneSimulator = Debug|iPhoneSimulator
		Release|iPhoneSimulator = Release|iPhoneSimulator
		Debug|iPhone = Debug|iPhone
		Release|iPhone = Release|iPhone
		Ad-Hoc|iPhone = Ad-Hoc|iPhone
		AppStore|iPhone = AppStore|iPhone
	EndGlobalSection
	GlobalSection(ProjectConfigurationPlatforms) = postSolution
		{033ED4D7-F90F-47E6-8F14-D43DE8640B9E}.Ad-Hoc|iPhone.ActiveCfg = Release|Any CPU
		{033ED4D7-F90F-47E6-8F14-D43DE8640B9E}.Ad-Hoc|iPhone.Build.0 = Release|Any CPU
		{033ED4D7-F90F-47E6-8F14-D43DE8640B9E}.AppStore|iPhone.ActiveCfg = Release|Any CPU
		{033ED4D7-F90F-47E6-8F14-D43DE8640B9E}.AppStore|iPhone.Build.0 = Release|Any CPU
		{033ED4D7-F90F-47E6-8F14-D43DE8640B9E}.Debug|Any CPU.ActiveCfg = Debug|Any CPU
		{033ED4D7-F90F-47E6-8F14-D43DE8640B9E}.Debug|Any CPU.Build.0 = Debug|Any CPU
		{033ED4D7-F90F-47E6-8F14-D43DE8640B9E}.Debug|iPhone.ActiveCfg = Debug|Any CPU
		{033ED4D7-F90F-47E6-8F14-D43DE8640B9E}.Debug|iPhone.Build.0 = Debug|Any CPU
		{033ED4D7-F90F-47E6-8F14-D43DE8640B9E}.Debug|iPhoneSimulator.ActiveCfg = Debug|Any CPU
		{033ED4D7-F90F-47E6-8F14-D43DE8640B9E}.Debug|iPhoneSimulator.Build.0 = Debug|Any CPU
		{033ED4D7-F90F-47E6-8F14-D43DE8640B9E}.Release|Any CPU.ActiveCfg = Release|Any CPU
		{033ED4D7-F90F-47E6-8F14-D43DE8640B9E}.Release|Any CPU.Build.0 = Release|Any CPU
		{033ED4D7-F90F-47E6-8F14-D43DE8640B9E}.Release|iPhone.ActiveCfg = Release|Any CPU
		{033ED4D7-F90F-47E6-8F14-D43DE8640B9E}.Release|iPhone.Build.0 = Release|Any CPU
		{033ED4D7-F90F-47E6-8F14-D43DE8640B9E}.Release|iPhoneSimulator.ActiveCfg = Release|Any CPU
		{033ED4D7-F90F-47E6-8F14-D43DE8640B9E}.Release|iPhoneSimulator.Build.0 = Release|Any CPU
		{0FEAF596-628C-469A-A273-ED151B2BD491}.Ad-Hoc|iPhone.ActiveCfg = Debug|Any CPU
		{0FEAF596-628C-469A-A273-ED151B2BD491}.Ad-Hoc|iPhone.Build.0 = Debug|Any CPU
		{0FEAF596-628C-469A-A273-ED151B2BD491}.AppStore|iPhone.ActiveCfg = Debug|Any CPU
		{0FEAF596-628C-469A-A273-ED151B2BD491}.AppStore|iPhone.Build.0 = Debug|Any CPU
		{0FEAF596-628C-469A-A273-ED151B2BD491}.Debug|Any CPU.ActiveCfg = Debug|Any CPU
		{0FEAF596-628C-469A-A273-ED151B2BD491}.Debug|Any CPU.Build.0 = Debug|Any CPU
		{0FEAF596-628C-469A-A273-ED151B2BD491}.Debug|iPhone.ActiveCfg = Debug|Any CPU
		{0FEAF596-628C-469A-A273-ED151B2BD491}.Debug|iPhone.Build.0 = Debug|Any CPU
		{0FEAF596-628C-469A-A273-ED151B2BD491}.Debug|iPhoneSimulator.ActiveCfg = Debug|Any CPU
		{0FEAF596-628C-469A-A273-ED151B2BD491}.Debug|iPhoneSimulator.Build.0 = Debug|Any CPU
		{0FEAF596-628C-469A-A273-ED151B2BD491}.Release|Any CPU.ActiveCfg = Release|Any CPU
		{0FEAF596-628C-469A-A273-ED151B2BD491}.Release|Any CPU.Build.0 = Release|Any CPU
		{0FEAF596-628C-469A-A273-ED151B2BD491}.Release|iPhone.ActiveCfg = Release|Any CPU
		{0FEAF596-628C-469A-A273-ED151B2BD491}.Release|iPhone.Build.0 = Release|Any CPU
		{0FEAF596-628C-469A-A273-ED151B2BD491}.Release|iPhoneSimulator.ActiveCfg = Release|Any CPU
		{0FEAF596-628C-469A-A273-ED151B2BD491}.Release|iPhoneSimulator.Build.0 = Release|Any CPU
		{4739F170-A5A2-4E28-8415-FDD85F6C1DCD}.Ad-Hoc|iPhone.ActiveCfg = Debug|Any CPU
		{4739F170-A5A2-4E28-8415-FDD85F6C1DCD}.Ad-Hoc|iPhone.Build.0 = Debug|Any CPU
		{4739F170-A5A2-4E28-8415-FDD85F6C1DCD}.AppStore|iPhone.ActiveCfg = Debug|Any CPU
		{4739F170-A5A2-4E28-8415-FDD85F6C1DCD}.AppStore|iPhone.Build.0 = Debug|Any CPU
		{4739F170-A5A2-4E28-8415-FDD85F6C1DCD}.Debug|Any CPU.ActiveCfg = Debug|Any CPU
		{4739F170-A5A2-4E28-8415-FDD85F6C1DCD}.Debug|Any CPU.Build.0 = Debug|Any CPU
		{4739F170-A5A2-4E28-8415-FDD85F6C1DCD}.Debug|iPhone.ActiveCfg = Debug|Any CPU
		{4739F170-A5A2-4E28-8415-FDD85F6C1DCD}.Debug|iPhone.Build.0 = Debug|Any CPU
		{4739F170-A5A2-4E28-8415-FDD85F6C1DCD}.Debug|iPhoneSimulator.ActiveCfg = Debug|Any CPU
		{4739F170-A5A2-4E28-8415-FDD85F6C1DCD}.Debug|iPhoneSimulator.Build.0 = Debug|Any CPU
		{4739F170-A5A2-4E28-8415-FDD85F6C1DCD}.Release|Any CPU.ActiveCfg = Release|Any CPU
		{4739F170-A5A2-4E28-8415-FDD85F6C1DCD}.Release|Any CPU.Build.0 = Release|Any CPU
		{4739F170-A5A2-4E28-8415-FDD85F6C1DCD}.Release|iPhone.ActiveCfg = Release|Any CPU
		{4739F170-A5A2-4E28-8415-FDD85F6C1DCD}.Release|iPhone.Build.0 = Release|Any CPU
		{4739F170-A5A2-4E28-8415-FDD85F6C1DCD}.Release|iPhoneSimulator.ActiveCfg = Release|Any CPU
		{4739F170-A5A2-4E28-8415-FDD85F6C1DCD}.Release|iPhoneSimulator.Build.0 = Release|Any CPU
		{AB8E669D-3B54-41C5-9FC0-8F50640AFE36}.Ad-Hoc|iPhone.ActiveCfg = Ad-Hoc|iPhone
		{AB8E669D-3B54-41C5-9FC0-8F50640AFE36}.Ad-Hoc|iPhone.Build.0 = Ad-Hoc|iPhone
		{AB8E669D-3B54-41C5-9FC0-8F50640AFE36}.AppStore|iPhone.ActiveCfg = AppStore|iPhone
		{AB8E669D-3B54-41C5-9FC0-8F50640AFE36}.AppStore|iPhone.Build.0 = AppStore|iPhone
		{AB8E669D-3B54-41C5-9FC0-8F50640AFE36}.Debug|Any CPU.ActiveCfg = Debug|iPhoneSimulator
		{AB8E669D-3B54-41C5-9FC0-8F50640AFE36}.Debug|Any CPU.Build.0 = Debug|iPhoneSimulator
		{AB8E669D-3B54-41C5-9FC0-8F50640AFE36}.Debug|iPhone.ActiveCfg = Debug|iPhone
		{AB8E669D-3B54-41C5-9FC0-8F50640AFE36}.Debug|iPhone.Build.0 = Debug|iPhone
		{AB8E669D-3B54-41C5-9FC0-8F50640AFE36}.Debug|iPhoneSimulator.ActiveCfg = Debug|iPhoneSimulator
		{AB8E669D-3B54-41C5-9FC0-8F50640AFE36}.Debug|iPhoneSimulator.Build.0 = Debug|iPhoneSimulator
		{AB8E669D-3B54-41C5-9FC0-8F50640AFE36}.Release|Any CPU.ActiveCfg = Release|iPhoneSimulator
		{AB8E669D-3B54-41C5-9FC0-8F50640AFE36}.Release|Any CPU.Build.0 = Release|iPhoneSimulator
		{AB8E669D-3B54-41C5-9FC0-8F50640AFE36}.Release|iPhone.ActiveCfg = Release|iPhone
		{AB8E669D-3B54-41C5-9FC0-8F50640AFE36}.Release|iPhone.Build.0 = Release|iPhone
		{AB8E669D-3B54-41C5-9FC0-8F50640AFE36}.Release|iPhoneSimulator.ActiveCfg = Release|iPhoneSimulator
		{AB8E669D-3B54-41C5-9FC0-8F50640AFE36}.Release|iPhoneSimulator.Build.0 = Release|iPhoneSimulator
		{B9290266-2922-4BC4-97B6-D4C5E018A30C}.Ad-Hoc|iPhone.ActiveCfg = Release|Any CPU
		{B9290266-2922-4BC4-97B6-D4C5E018A30C}.Ad-Hoc|iPhone.Build.0 = Release|Any CPU
		{B9290266-2922-4BC4-97B6-D4C5E018A30C}.AppStore|iPhone.ActiveCfg = Release|Any CPU
		{B9290266-2922-4BC4-97B6-D4C5E018A30C}.AppStore|iPhone.Build.0 = Release|Any CPU
		{B9290266-2922-4BC4-97B6-D4C5E018A30C}.Debug|Any CPU.ActiveCfg = Debug|Any CPU
		{B9290266-2922-4BC4-97B6-D4C5E018A30C}.Debug|Any CPU.Build.0 = Debug|Any CPU
		{B9290266-2922-4BC4-97B6-D4C5E018A30C}.Debug|iPhone.ActiveCfg = Debug|Any CPU
		{B9290266-2922-4BC4-97B6-D4C5E018A30C}.Debug|iPhone.Build.0 = Debug|Any CPU
		{B9290266-2922-4BC4-97B6-D4C5E018A30C}.Debug|iPhoneSimulator.ActiveCfg = Debug|Any CPU
		{B9290266-2922-4BC4-97B6-D4C5E018A30C}.Debug|iPhoneSimulator.Build.0 = Debug|Any CPU
		{B9290266-2922-4BC4-97B6-D4C5E018A30C}.Release|Any CPU.ActiveCfg = Release|Any CPU
		{B9290266-2922-4BC4-97B6-D4C5E018A30C}.Release|Any CPU.Build.0 = Release|Any CPU
		{B9290266-2922-4BC4-97B6-D4C5E018A30C}.Release|iPhone.ActiveCfg = Release|Any CPU
		{B9290266-2922-4BC4-97B6-D4C5E018A30C}.Release|iPhone.Build.0 = Release|Any CPU
		{B9290266-2922-4BC4-97B6-D4C5E018A30C}.Release|iPhoneSimulator.ActiveCfg = Release|Any CPU
		{B9290266-2922-4BC4-97B6-D4C5E018A30C}.Release|iPhoneSimulator.Build.0 = Release|Any CPU
		{BB6519DA-DA8F-40E6-8B05-B96887074492}.Ad-Hoc|iPhone.ActiveCfg = Debug|Any CPU
		{BB6519DA-DA8F-40E6-8B05-B96887074492}.Ad-Hoc|iPhone.Build.0 = Debug|Any CPU
		{BB6519DA-DA8F-40E6-8B05-B96887074492}.AppStore|iPhone.ActiveCfg = Debug|Any CPU
		{BB6519DA-DA8F-40E6-8B05-B96887074492}.AppStore|iPhone.Build.0 = Debug|Any CPU
		{BB6519DA-DA8F-40E6-8B05-B96887074492}.Debug|Any CPU.ActiveCfg = Debug|Any CPU
		{BB6519DA-DA8F-40E6-8B05-B96887074492}.Debug|Any CPU.Build.0 = Debug|Any CPU
		{BB6519DA-DA8F-40E6-8B05-B96887074492}.Debug|iPhone.ActiveCfg = Debug|Any CPU
		{BB6519DA-DA8F-40E6-8B05-B96887074492}.Debug|iPhone.Build.0 = Debug|Any CPU
		{BB6519DA-DA8F-40E6-8B05-B96887074492}.Debug|iPhoneSimulator.ActiveCfg = Debug|Any CPU
		{BB6519DA-DA8F-40E6-8B05-B96887074492}.Debug|iPhoneSimulator.Build.0 = Debug|Any CPU
		{BB6519DA-DA8F-40E6-8B05-B96887074492}.Release|Any CPU.ActiveCfg = Release|Any CPU
		{BB6519DA-DA8F-40E6-8B05-B96887074492}.Release|Any CPU.Build.0 = Release|Any CPU
		{BB6519DA-DA8F-40E6-8B05-B96887074492}.Release|iPhone.ActiveCfg = Release|Any CPU
		{BB6519DA-DA8F-40E6-8B05-B96887074492}.Release|iPhone.Build.0 = Release|Any CPU
		{BB6519DA-DA8F-40E6-8B05-B96887074492}.Release|iPhoneSimulator.ActiveCfg = Release|Any CPU
		{BB6519DA-DA8F-40E6-8B05-B96887074492}.Release|iPhoneSimulator.Build.0 = Release|Any CPU
		{BF3F7085-407F-484E-8C09-D282AB9DEA05}.Ad-Hoc|iPhone.ActiveCfg = Debug|Any CPU
		{BF3F7085-407F-484E-8C09-D282AB9DEA05}.Ad-Hoc|iPhone.Build.0 = Debug|Any CPU
		{BF3F7085-407F-484E-8C09-D282AB9DEA05}.AppStore|iPhone.ActiveCfg = Debug|Any CPU
		{BF3F7085-407F-484E-8C09-D282AB9DEA05}.AppStore|iPhone.Build.0 = Debug|Any CPU
		{BF3F7085-407F-484E-8C09-D282AB9DEA05}.Debug|Any CPU.ActiveCfg = Debug|Any CPU
		{BF3F7085-407F-484E-8C09-D282AB9DEA05}.Debug|Any CPU.Build.0 = Debug|Any CPU
		{BF3F7085-407F-484E-8C09-D282AB9DEA05}.Debug|iPhone.ActiveCfg = Debug|Any CPU
		{BF3F7085-407F-484E-8C09-D282AB9DEA05}.Debug|iPhone.Build.0 = Debug|Any CPU
		{BF3F7085-407F-484E-8C09-D282AB9DEA05}.Debug|iPhoneSimulator.ActiveCfg = Debug|Any CPU
		{BF3F7085-407F-484E-8C09-D282AB9DEA05}.Debug|iPhoneSimulator.Build.0 = Debug|Any CPU
		{BF3F7085-407F-484E-8C09-D282AB9DEA05}.Release|Any CPU.ActiveCfg = Release|Any CPU
		{BF3F7085-407F-484E-8C09-D282AB9DEA05}.Release|Any CPU.Build.0 = Release|Any CPU
		{BF3F7085-407F-484E-8C09-D282AB9DEA05}.Release|iPhone.ActiveCfg = Release|Any CPU
		{BF3F7085-407F-484E-8C09-D282AB9DEA05}.Release|iPhone.Build.0 = Release|Any CPU
		{BF3F7085-407F-484E-8C09-D282AB9DEA05}.Release|iPhoneSimulator.ActiveCfg = Release|Any CPU
		{BF3F7085-407F-484E-8C09-D282AB9DEA05}.Release|iPhoneSimulator.Build.0 = Release|Any CPU
		{C899AE1F-6864-40E2-8F14-517B11CE8468}.Ad-Hoc|iPhone.ActiveCfg = Ad-Hoc|iPhone
		{C899AE1F-6864-40E2-8F14-517B11CE8468}.Ad-Hoc|iPhone.Build.0 = Ad-Hoc|iPhone
		{C899AE1F-6864-40E2-8F14-517B11CE8468}.AppStore|iPhone.ActiveCfg = AppStore|iPhone
		{C899AE1F-6864-40E2-8F14-517B11CE8468}.AppStore|iPhone.Build.0 = AppStore|iPhone
		{C899AE1F-6864-40E2-8F14-517B11CE8468}.Debug|Any CPU.ActiveCfg = Debug|iPhoneSimulator
		{C899AE1F-6864-40E2-8F14-517B11CE8468}.Debug|Any CPU.Build.0 = Debug|iPhoneSimulator
		{C899AE1F-6864-40E2-8F14-517B11CE8468}.Debug|iPhone.ActiveCfg = Debug|iPhone
		{C899AE1F-6864-40E2-8F14-517B11CE8468}.Debug|iPhone.Build.0 = Debug|iPhone
		{C899AE1F-6864-40E2-8F14-517B11CE8468}.Debug|iPhoneSimulator.ActiveCfg = Debug|iPhoneSimulator
		{C899AE1F-6864-40E2-8F14-517B11CE8468}.Debug|iPhoneSimulator.Build.0 = Debug|iPhoneSimulator
		{C899AE1F-6864-40E2-8F14-517B11CE8468}.Release|Any CPU.ActiveCfg = Release|iPhoneSimulator
		{C899AE1F-6864-40E2-8F14-517B11CE8468}.Release|Any CPU.Build.0 = Release|iPhoneSimulator
		{C899AE1F-6864-40E2-8F14-517B11CE8468}.Release|iPhone.ActiveCfg = Release|iPhone
		{C899AE1F-6864-40E2-8F14-517B11CE8468}.Release|iPhone.Build.0 = Release|iPhone
		{C899AE1F-6864-40E2-8F14-517B11CE8468}.Release|iPhoneSimulator.ActiveCfg = Release|iPhoneSimulator
		{C899AE1F-6864-40E2-8F14-517B11CE8468}.Release|iPhoneSimulator.Build.0 = Release|iPhoneSimulator
		{F0F9C154-6855-410F-99AE-A046EFF40B59}.Ad-Hoc|iPhone.ActiveCfg = Debug|Any CPU
		{F0F9C154-6855-410F-99AE-A046EFF40B59}.Ad-Hoc|iPhone.Build.0 = Debug|Any CPU
		{F0F9C154-6855-410F-99AE-A046EFF40B59}.AppStore|iPhone.ActiveCfg = Debug|Any CPU
		{F0F9C154-6855-410F-99AE-A046EFF40B59}.AppStore|iPhone.Build.0 = Debug|Any CPU
		{F0F9C154-6855-410F-99AE-A046EFF40B59}.Debug|Any CPU.ActiveCfg = Debug|Any CPU
		{F0F9C154-6855-410F-99AE-A046EFF40B59}.Debug|Any CPU.Build.0 = Debug|Any CPU
		{F0F9C154-6855-410F-99AE-A046EFF40B59}.Debug|iPhone.ActiveCfg = Debug|Any CPU
		{F0F9C154-6855-410F-99AE-A046EFF40B59}.Debug|iPhone.Build.0 = Debug|Any CPU
		{F0F9C154-6855-410F-99AE-A046EFF40B59}.Debug|iPhoneSimulator.ActiveCfg = Debug|Any CPU
		{F0F9C154-6855-410F-99AE-A046EFF40B59}.Debug|iPhoneSimulator.Build.0 = Debug|Any CPU
		{F0F9C154-6855-410F-99AE-A046EFF40B59}.Release|Any CPU.ActiveCfg = Release|Any CPU
		{F0F9C154-6855-410F-99AE-A046EFF40B59}.Release|Any CPU.Build.0 = Release|Any CPU
		{F0F9C154-6855-410F-99AE-A046EFF40B59}.Release|iPhone.ActiveCfg = Release|Any CPU
		{F0F9C154-6855-410F-99AE-A046EFF40B59}.Release|iPhone.Build.0 = Release|Any CPU
		{F0F9C154-6855-410F-99AE-A046EFF40B59}.Release|iPhoneSimulator.ActiveCfg = Release|Any CPU
		{F0F9C154-6855-410F-99AE-A046EFF40B59}.Release|iPhoneSimulator.Build.0 = Release|Any CPU
	EndGlobalSection
	GlobalSection(NestedProjects) = preSolution
		{4A72A899-50C1-4A22-909A-AFE7AB1680C0} = {73C5FC4E-0A32-42C4-9DA6-536899B1BA55}
		{BB6519DA-DA8F-40E6-8B05-B96887074492} = {73C5FC4E-0A32-42C4-9DA6-536899B1BA55}
		{4739F170-A5A2-4E28-8415-FDD85F6C1DCD} = {73C5FC4E-0A32-42C4-9DA6-536899B1BA55}
		{0FEAF596-628C-469A-A273-ED151B2BD491} = {73C5FC4E-0A32-42C4-9DA6-536899B1BA55}
		{F0F9C154-6855-410F-99AE-A046EFF40B59} = {4A72A899-50C1-4A22-909A-AFE7AB1680C0}
		{BF3F7085-407F-484E-8C09-D282AB9DEA05} = {4A72A899-50C1-4A22-909A-AFE7AB1680C0}
		{C899AE1F-6864-40E2-8F14-517B11CE8468} = {4A72A899-50C1-4A22-909A-AFE7AB1680C0}
		{B9290266-2922-4BC4-97B6-D4C5E018A30C} = {FEAAA8F6-F978-47D4-9942-0ECF9D48DB1E}
		{C551EB0A-0CF1-4CB0-B64F-1EF57FB7C600} = {FEAAA8F6-F978-47D4-9942-0ECF9D48DB1E}
		{033ED4D7-F90F-47E6-8F14-D43DE8640B9E} = {C551EB0A-0CF1-4CB0-B64F-1EF57FB7C600}
		{AB8E669D-3B54-41C5-9FC0-8F50640AFE36} = {C551EB0A-0CF1-4CB0-B64F-1EF57FB7C600}
	EndGlobalSection
	GlobalSection(MonoDevelopProperties) = preSolution
		StartupItem = FeedbackDialog\Examples\FeedbackDialog.Examples.Core\FeedbackDialog.Examples.Touch\FeedbackDialog.Examples.Touch.csproj
		description = Cross platform user interface plugin that makes showing alert boxes, dialog boxes, and other UI related tasks simpler.
		version = 0.1.0
	EndGlobalSection
EndGlobal
