
Microsoft Visual Studio Solution File, Format Version 12.00
# Visual Studio 2013
VisualStudioVersion = 12.0.30110.0
MinimumVisualStudioVersion = 10.0.40219.1
Project("{FAE04EC0-301F-11D3-BF4B-00C04F79EFBC}") = "codestuffers.MvvmCross.Plugins.UserInteraction", "UserInteraction\codestuffers.MvvmCross.Plugins.UserInteraction\codestuffers.MvvmCross.Plugins.UserInteraction.csproj", "{BB6519DA-DA8F-40E6-8B05-B96887074492}"
EndProject
Project("{FAE04EC0-301F-11D3-BF4B-00C04F79EFBC}") = "codestuffers.MvvmCross.Plugins.UserInteraction.WindowsPhone", "UserInteraction\codestuffers.MvvmCross.Plugins.UserInteraction.WindowsPhone\codestuffers.MvvmCross.Plugins.UserInteraction.WindowsPhone.csproj", "{72CB08FC-0F5B-4880-8B5F-B1DE7F1429CF}"
EndProject
Project("{2150E333-8FDC-42A3-9474-1A3956D46DE8}") = ".nuget", ".nuget", "{6B8FADF1-1A22-4789-ABD4-88786683B696}"
	ProjectSection(SolutionItems) = preProject
		.nuget\NuGet.Config = .nuget\NuGet.Config
		.nuget\NuGet.exe = .nuget\NuGet.exe
		.nuget\NuGet.targets = .nuget\NuGet.targets
	EndProjectSection
EndProject
Project("{2150E333-8FDC-42A3-9474-1A3956D46DE8}") = "UserInteraction", "UserInteraction", "{9896D31F-06E4-4CEA-BF20-58DFB80430DC}"
EndProject
Project("{2150E333-8FDC-42A3-9474-1A3956D46DE8}") = "Examples", "Examples", "{6DBEACAA-387F-4AE8-B717-2012AA40B426}"
EndProject
Project("{2150E333-8FDC-42A3-9474-1A3956D46DE8}") = "Tests", "Tests", "{309F5F10-E1CC-4930-826D-6DA00F816BD7}"
EndProject
Project("{FAE04EC0-301F-11D3-BF4B-00C04F79EFBC}") = "codestuffers.MvvmCross.Plugins.UserInteraction.Examples", "UserInteraction\Examples\codestuffers.MvvmCross.Plugins.UserInteraction.Examples\codestuffers.MvvmCross.Plugins.UserInteraction.Examples.csproj", "{F0F9C154-6855-410F-99AE-A046EFF40B59}"
EndProject
Project("{FAE04EC0-301F-11D3-BF4B-00C04F79EFBC}") = "codestuffers.MvvmCross.Plugins.UserInteraction.Examples.WindowsPhone", "UserInteraction\Examples\codestuffers.MvvmCross.Plugins.UserInteraction.Examples.WindowsPhone\codestuffers.MvvmCross.Plugins.UserInteraction.Examples.WindowsPhone.csproj", "{82BE3A41-4835-4ACE-A6C8-445131F73850}"
EndProject
Project("{2150E333-8FDC-42A3-9474-1A3956D46DE8}") = "FeedbackDialog", "FeedbackDialog", "{77956E28-6DDD-4F44-AFA7-F991D4BC5C11}"
EndProject
Project("{2150E333-8FDC-42A3-9474-1A3956D46DE8}") = "Examples", "Examples", "{9A5A796E-FD9A-4C27-AB2F-DDFF9C3BCCF2}"
EndProject
Project("{FAE04EC0-301F-11D3-BF4B-00C04F79EFBC}") = "codestuffers.MvvmCross.Plugins.FeedbackDialog", "FeedbackDialog\codestuffers.MvvmCross.Plugins.FeedbackDialog\codestuffers.MvvmCross.Plugins.FeedbackDialog.csproj", "{B9290266-2922-4BC4-97B6-D4C5E018A30C}"
EndProject
Project("{FAE04EC0-301F-11D3-BF4B-00C04F79EFBC}") = "codestuffers.MvvmCross.Plugins.FeedbackDialog.Examples", "FeedbackDialog\Examples\codestuffers.MvvmCross.Plugins.FeedbackDialog.Examples\codestuffers.MvvmCross.Plugins.FeedbackDialog.Examples.csproj", "{033ED4D7-F90F-47E6-8F14-D43DE8640B9E}"
EndProject
Project("{FAE04EC0-301F-11D3-BF4B-00C04F79EFBC}") = "codestuffers.MvvmCross.Plugins.FeedbackDialog.Examples.WindowsPhone", "FeedbackDialog\Examples\codestuffers.MvvmCross.Plugins.FeedbackDialog.Examples.WindowsPhone\codestuffers.MvvmCross.Plugins.FeedbackDialog.Examples.WindowsPhone.csproj", "{5C4FB14A-19B3-4DFD-AAE9-1169F4DF5078}"
EndProject
Global
	GlobalSection(SolutionConfigurationPlatforms) = preSolution
		Debug|Any CPU = Debug|Any CPU
		Debug|ARM = Debug|ARM
		Debug|x86 = Debug|x86
		Release|Any CPU = Release|Any CPU
		Release|ARM = Release|ARM
		Release|x86 = Release|x86
	EndGlobalSection
	GlobalSection(ProjectConfigurationPlatforms) = postSolution
		{BB6519DA-DA8F-40E6-8B05-B96887074492}.Debug|Any CPU.ActiveCfg = Debug|Any CPU
		{BB6519DA-DA8F-40E6-8B05-B96887074492}.Debug|Any CPU.Build.0 = Debug|Any CPU
		{BB6519DA-DA8F-40E6-8B05-B96887074492}.Debug|ARM.ActiveCfg = Debug|Any CPU
		{BB6519DA-DA8F-40E6-8B05-B96887074492}.Debug|x86.ActiveCfg = Debug|Any CPU
		{BB6519DA-DA8F-40E6-8B05-B96887074492}.Release|Any CPU.ActiveCfg = Release|Any CPU
		{BB6519DA-DA8F-40E6-8B05-B96887074492}.Release|Any CPU.Build.0 = Release|Any CPU
		{BB6519DA-DA8F-40E6-8B05-B96887074492}.Release|ARM.ActiveCfg = Release|Any CPU
		{BB6519DA-DA8F-40E6-8B05-B96887074492}.Release|x86.ActiveCfg = Release|Any CPU
		{72CB08FC-0F5B-4880-8B5F-B1DE7F1429CF}.Debug|Any CPU.ActiveCfg = Debug|Any CPU
		{72CB08FC-0F5B-4880-8B5F-B1DE7F1429CF}.Debug|Any CPU.Build.0 = Debug|Any CPU
		{72CB08FC-0F5B-4880-8B5F-B1DE7F1429CF}.Debug|ARM.ActiveCfg = Debug|ARM
		{72CB08FC-0F5B-4880-8B5F-B1DE7F1429CF}.Debug|ARM.Build.0 = Debug|ARM
		{72CB08FC-0F5B-4880-8B5F-B1DE7F1429CF}.Debug|x86.ActiveCfg = Debug|x86
		{72CB08FC-0F5B-4880-8B5F-B1DE7F1429CF}.Debug|x86.Build.0 = Debug|x86
		{72CB08FC-0F5B-4880-8B5F-B1DE7F1429CF}.Release|Any CPU.ActiveCfg = Release|Any CPU
		{72CB08FC-0F5B-4880-8B5F-B1DE7F1429CF}.Release|Any CPU.Build.0 = Release|Any CPU
		{72CB08FC-0F5B-4880-8B5F-B1DE7F1429CF}.Release|ARM.ActiveCfg = Release|ARM
		{72CB08FC-0F5B-4880-8B5F-B1DE7F1429CF}.Release|ARM.Build.0 = Release|ARM
		{72CB08FC-0F5B-4880-8B5F-B1DE7F1429CF}.Release|x86.ActiveCfg = Release|x86
		{72CB08FC-0F5B-4880-8B5F-B1DE7F1429CF}.Release|x86.Build.0 = Release|x86
		{F0F9C154-6855-410F-99AE-A046EFF40B59}.Debug|Any CPU.ActiveCfg = Debug|Any CPU
		{F0F9C154-6855-410F-99AE-A046EFF40B59}.Debug|Any CPU.Build.0 = Debug|Any CPU
		{F0F9C154-6855-410F-99AE-A046EFF40B59}.Debug|ARM.ActiveCfg = Debug|Any CPU
		{F0F9C154-6855-410F-99AE-A046EFF40B59}.Debug|x86.ActiveCfg = Debug|Any CPU
		{F0F9C154-6855-410F-99AE-A046EFF40B59}.Release|Any CPU.ActiveCfg = Release|Any CPU
		{F0F9C154-6855-410F-99AE-A046EFF40B59}.Release|Any CPU.Build.0 = Release|Any CPU
		{F0F9C154-6855-410F-99AE-A046EFF40B59}.Release|ARM.ActiveCfg = Release|Any CPU
		{F0F9C154-6855-410F-99AE-A046EFF40B59}.Release|x86.ActiveCfg = Release|Any CPU
		{82BE3A41-4835-4ACE-A6C8-445131F73850}.Debug|Any CPU.ActiveCfg = Debug|Any CPU
		{82BE3A41-4835-4ACE-A6C8-445131F73850}.Debug|Any CPU.Build.0 = Debug|Any CPU
		{82BE3A41-4835-4ACE-A6C8-445131F73850}.Debug|Any CPU.Deploy.0 = Debug|Any CPU
		{82BE3A41-4835-4ACE-A6C8-445131F73850}.Debug|ARM.ActiveCfg = Debug|ARM
		{82BE3A41-4835-4ACE-A6C8-445131F73850}.Debug|ARM.Build.0 = Debug|ARM
		{82BE3A41-4835-4ACE-A6C8-445131F73850}.Debug|ARM.Deploy.0 = Debug|ARM
		{82BE3A41-4835-4ACE-A6C8-445131F73850}.Debug|x86.ActiveCfg = Debug|x86
		{82BE3A41-4835-4ACE-A6C8-445131F73850}.Debug|x86.Build.0 = Debug|x86
		{82BE3A41-4835-4ACE-A6C8-445131F73850}.Debug|x86.Deploy.0 = Debug|x86
		{82BE3A41-4835-4ACE-A6C8-445131F73850}.Release|Any CPU.ActiveCfg = Release|Any CPU
		{82BE3A41-4835-4ACE-A6C8-445131F73850}.Release|Any CPU.Build.0 = Release|Any CPU
		{82BE3A41-4835-4ACE-A6C8-445131F73850}.Release|Any CPU.Deploy.0 = Release|Any CPU
		{82BE3A41-4835-4ACE-A6C8-445131F73850}.Release|ARM.ActiveCfg = Release|ARM
		{82BE3A41-4835-4ACE-A6C8-445131F73850}.Release|ARM.Build.0 = Release|ARM
		{82BE3A41-4835-4ACE-A6C8-445131F73850}.Release|ARM.Deploy.0 = Release|ARM
		{82BE3A41-4835-4ACE-A6C8-445131F73850}.Release|x86.ActiveCfg = Release|x86
		{82BE3A41-4835-4ACE-A6C8-445131F73850}.Release|x86.Build.0 = Release|x86
		{82BE3A41-4835-4ACE-A6C8-445131F73850}.Release|x86.Deploy.0 = Release|x86
		{B9290266-2922-4BC4-97B6-D4C5E018A30C}.Debug|Any CPU.ActiveCfg = Debug|Any CPU
		{B9290266-2922-4BC4-97B6-D4C5E018A30C}.Debug|Any CPU.Build.0 = Debug|Any CPU
		{B9290266-2922-4BC4-97B6-D4C5E018A30C}.Debug|ARM.ActiveCfg = Debug|Any CPU
		{B9290266-2922-4BC4-97B6-D4C5E018A30C}.Debug|x86.ActiveCfg = Debug|Any CPU
		{B9290266-2922-4BC4-97B6-D4C5E018A30C}.Release|Any CPU.ActiveCfg = Release|Any CPU
		{B9290266-2922-4BC4-97B6-D4C5E018A30C}.Release|Any CPU.Build.0 = Release|Any CPU
		{B9290266-2922-4BC4-97B6-D4C5E018A30C}.Release|ARM.ActiveCfg = Release|Any CPU
		{B9290266-2922-4BC4-97B6-D4C5E018A30C}.Release|x86.ActiveCfg = Release|Any CPU
		{033ED4D7-F90F-47E6-8F14-D43DE8640B9E}.Debug|Any CPU.ActiveCfg = Debug|Any CPU
		{033ED4D7-F90F-47E6-8F14-D43DE8640B9E}.Debug|Any CPU.Build.0 = Debug|Any CPU
		{033ED4D7-F90F-47E6-8F14-D43DE8640B9E}.Debug|ARM.ActiveCfg = Debug|Any CPU
		{033ED4D7-F90F-47E6-8F14-D43DE8640B9E}.Debug|x86.ActiveCfg = Debug|Any CPU
		{033ED4D7-F90F-47E6-8F14-D43DE8640B9E}.Release|Any CPU.ActiveCfg = Release|Any CPU
		{033ED4D7-F90F-47E6-8F14-D43DE8640B9E}.Release|Any CPU.Build.0 = Release|Any CPU
		{033ED4D7-F90F-47E6-8F14-D43DE8640B9E}.Release|ARM.ActiveCfg = Release|Any CPU
		{033ED4D7-F90F-47E6-8F14-D43DE8640B9E}.Release|x86.ActiveCfg = Release|Any CPU
		{5C4FB14A-19B3-4DFD-AAE9-1169F4DF5078}.Debug|Any CPU.ActiveCfg = Debug|Any CPU
		{5C4FB14A-19B3-4DFD-AAE9-1169F4DF5078}.Debug|Any CPU.Build.0 = Debug|Any CPU
		{5C4FB14A-19B3-4DFD-AAE9-1169F4DF5078}.Debug|Any CPU.Deploy.0 = Debug|Any CPU
		{5C4FB14A-19B3-4DFD-AAE9-1169F4DF5078}.Debug|ARM.ActiveCfg = Debug|ARM
		{5C4FB14A-19B3-4DFD-AAE9-1169F4DF5078}.Debug|ARM.Build.0 = Debug|ARM
		{5C4FB14A-19B3-4DFD-AAE9-1169F4DF5078}.Debug|ARM.Deploy.0 = Debug|ARM
		{5C4FB14A-19B3-4DFD-AAE9-1169F4DF5078}.Debug|x86.ActiveCfg = Debug|x86
		{5C4FB14A-19B3-4DFD-AAE9-1169F4DF5078}.Debug|x86.Build.0 = Debug|x86
		{5C4FB14A-19B3-4DFD-AAE9-1169F4DF5078}.Debug|x86.Deploy.0 = Debug|x86
		{5C4FB14A-19B3-4DFD-AAE9-1169F4DF5078}.Release|Any CPU.ActiveCfg = Release|Any CPU
		{5C4FB14A-19B3-4DFD-AAE9-1169F4DF5078}.Release|Any CPU.Build.0 = Release|Any CPU
		{5C4FB14A-19B3-4DFD-AAE9-1169F4DF5078}.Release|Any CPU.Deploy.0 = Release|Any CPU
		{5C4FB14A-19B3-4DFD-AAE9-1169F4DF5078}.Release|ARM.ActiveCfg = Release|ARM
		{5C4FB14A-19B3-4DFD-AAE9-1169F4DF5078}.Release|ARM.Build.0 = Release|ARM
		{5C4FB14A-19B3-4DFD-AAE9-1169F4DF5078}.Release|ARM.Deploy.0 = Release|ARM
		{5C4FB14A-19B3-4DFD-AAE9-1169F4DF5078}.Release|x86.ActiveCfg = Release|x86
		{5C4FB14A-19B3-4DFD-AAE9-1169F4DF5078}.Release|x86.Build.0 = Release|x86
		{5C4FB14A-19B3-4DFD-AAE9-1169F4DF5078}.Release|x86.Deploy.0 = Release|x86
	EndGlobalSection
	GlobalSection(SolutionProperties) = preSolution
		HideSolutionNode = FALSE
	EndGlobalSection
	GlobalSection(NestedProjects) = preSolution
		{72CB08FC-0F5B-4880-8B5F-B1DE7F1429CF} = {9896D31F-06E4-4CEA-BF20-58DFB80430DC}
		{BB6519DA-DA8F-40E6-8B05-B96887074492} = {9896D31F-06E4-4CEA-BF20-58DFB80430DC}
		{6DBEACAA-387F-4AE8-B717-2012AA40B426} = {9896D31F-06E4-4CEA-BF20-58DFB80430DC}
		{309F5F10-E1CC-4930-826D-6DA00F816BD7} = {9896D31F-06E4-4CEA-BF20-58DFB80430DC}
		{F0F9C154-6855-410F-99AE-A046EFF40B59} = {6DBEACAA-387F-4AE8-B717-2012AA40B426}
		{82BE3A41-4835-4ACE-A6C8-445131F73850} = {6DBEACAA-387F-4AE8-B717-2012AA40B426}
		{9A5A796E-FD9A-4C27-AB2F-DDFF9C3BCCF2} = {77956E28-6DDD-4F44-AFA7-F991D4BC5C11}
		{B9290266-2922-4BC4-97B6-D4C5E018A30C} = {77956E28-6DDD-4F44-AFA7-F991D4BC5C11}
		{033ED4D7-F90F-47E6-8F14-D43DE8640B9E} = {9A5A796E-FD9A-4C27-AB2F-DDFF9C3BCCF2}
		{5C4FB14A-19B3-4DFD-AAE9-1169F4DF5078} = {9A5A796E-FD9A-4C27-AB2F-DDFF9C3BCCF2}
	EndGlobalSection
EndGlobal
