
Microsoft Visual Studio Solution File, Format Version 11.00
# Visual Studio 2010
Project("{2150E333-8FDC-42A3-9474-1A3956D46DE8}") = "UserInteraction", "UserInteraction", "{D2EAC95A-0E3F-49CC-9DDB-C9B9B345B0D1}"
EndProject
Project("{2150E333-8FDC-42A3-9474-1A3956D46DE8}") = "Examples", "Examples", "{52829726-DD32-452D-A370-3388AC595E41}"
EndProject
Project("{FAE04EC0-301F-11D3-BF4B-00C04F79EFBC}") = "codestuffers.MvvmCross.Plugins.UserInteraction.Examples", "UserInteraction\Examples\codestuffers.MvvmCross.Plugins.UserInteraction.Examples\codestuffers.MvvmCross.Plugins.UserInteraction.Examples.csproj", "{F0F9C154-6855-410F-99AE-A046EFF40B59}"
EndProject
Project("{FAE04EC0-301F-11D3-BF4B-00C04F79EFBC}") = "codestuffers.MvvmCross.Plugins.UserInteraction.Examples.Droid", "UserInteraction\Examples\codestuffers.MvvmCross.Plugins.UserInteraction.Examples.Droid\codestuffers.MvvmCross.Plugins.UserInteraction.Examples.Droid.csproj", "{BF3F7085-407F-484E-8C09-D282AB9DEA05}"
EndProject
Project("{2150E333-8FDC-42A3-9474-1A3956D46DE8}") = "Tests", "Tests", "{CA9EAD29-C6E2-4440-A531-8009B3A25700}"
EndProject
Project("{FAE04EC0-301F-11D3-BF4B-00C04F79EFBC}") = "codestuffers.MvvmCross.Plugins.UserInteraction", "UserInteraction\codestuffers.MvvmCross.Plugins.UserInteraction\codestuffers.MvvmCross.Plugins.UserInteraction.csproj", "{BB6519DA-DA8F-40E6-8B05-B96887074492}"
EndProject
Project("{FAE04EC0-301F-11D3-BF4B-00C04F79EFBC}") = "codestuffers.MvvmCross.Plugins.UserInteraction.Droid", "UserInteraction\codestuffers.MvvmCross.Plugins.UserInteraction.Droid\codestuffers.MvvmCross.Plugins.UserInteraction.Droid.csproj", "{4739F170-A5A2-4E28-8415-FDD85F6C1DCD}"
EndProject
Project("{2150E333-8FDC-42A3-9474-1A3956D46DE8}") = "FeedbackDialog", "FeedbackDialog", "{64A4A221-EFC6-42EB-A2EC-423B85C65BA4}"
EndProject
Project("{2150E333-8FDC-42A3-9474-1A3956D46DE8}") = "Examples", "Examples", "{1A71D188-A6FF-4EE0-B6EE-97F9BF38A489}"
EndProject
Project("{FAE04EC0-301F-11D3-BF4B-00C04F79EFBC}") = "codestuffers.MvvmCross.Plugins.FeedbackDialog.Examples", "FeedbackDialog\Examples\codestuffers.MvvmCross.Plugins.FeedbackDialog.Examples\codestuffers.MvvmCross.Plugins.FeedbackDialog.Examples.csproj", "{033ED4D7-F90F-47E6-8F14-D43DE8640B9E}"
EndProject
Project("{FAE04EC0-301F-11D3-BF4B-00C04F79EFBC}") = "codestuffers.MvvmCross.Plugins.FeedbackDialog.Examples.Droid", "FeedbackDialog\Examples\codestuffers.MvvmCross.Plugins.FeedbackDialog.Examples.Droid\codestuffers.MvvmCross.Plugins.FeedbackDialog.Examples.Droid.csproj", "{9AD05DB7-24DD-4656-A15D-696D65E011ED}"
EndProject
Project("{FAE04EC0-301F-11D3-BF4B-00C04F79EFBC}") = "codestuffers.MvvmCross.Plugins.FeedbackDialog", "FeedbackDialog\codestuffers.MvvmCross.Plugins.FeedbackDialog\codestuffers.MvvmCross.Plugins.FeedbackDialog.csproj", "{B9290266-2922-4BC4-97B6-D4C5E018A30C}"
EndProject
Global
	GlobalSection(SolutionConfigurationPlatforms) = preSolution
		Debug|Any CPU = Debug|Any CPU
		Release|Any CPU = Release|Any CPU
	EndGlobalSection
	GlobalSection(ProjectConfigurationPlatforms) = postSolution
		{033ED4D7-F90F-47E6-8F14-D43DE8640B9E}.Debug|Any CPU.ActiveCfg = Debug|Any CPU
		{033ED4D7-F90F-47E6-8F14-D43DE8640B9E}.Debug|Any CPU.Build.0 = Debug|Any CPU
		{033ED4D7-F90F-47E6-8F14-D43DE8640B9E}.Release|Any CPU.ActiveCfg = Release|Any CPU
		{033ED4D7-F90F-47E6-8F14-D43DE8640B9E}.Release|Any CPU.Build.0 = Release|Any CPU
		{4739F170-A5A2-4E28-8415-FDD85F6C1DCD}.Debug|Any CPU.ActiveCfg = Debug|Any CPU
		{4739F170-A5A2-4E28-8415-FDD85F6C1DCD}.Debug|Any CPU.Build.0 = Debug|Any CPU
		{4739F170-A5A2-4E28-8415-FDD85F6C1DCD}.Release|Any CPU.ActiveCfg = Release|Any CPU
		{4739F170-A5A2-4E28-8415-FDD85F6C1DCD}.Release|Any CPU.Build.0 = Release|Any CPU
		{9AD05DB7-24DD-4656-A15D-696D65E011ED}.Debug|Any CPU.ActiveCfg = Debug|Any CPU
		{9AD05DB7-24DD-4656-A15D-696D65E011ED}.Debug|Any CPU.Build.0 = Debug|Any CPU
		{9AD05DB7-24DD-4656-A15D-696D65E011ED}.Release|Any CPU.ActiveCfg = Release|Any CPU
		{9AD05DB7-24DD-4656-A15D-696D65E011ED}.Release|Any CPU.Build.0 = Release|Any CPU
		{B9290266-2922-4BC4-97B6-D4C5E018A30C}.Debug|Any CPU.ActiveCfg = Debug|Any CPU
		{B9290266-2922-4BC4-97B6-D4C5E018A30C}.Debug|Any CPU.Build.0 = Debug|Any CPU
		{B9290266-2922-4BC4-97B6-D4C5E018A30C}.Release|Any CPU.ActiveCfg = Release|Any CPU
		{B9290266-2922-4BC4-97B6-D4C5E018A30C}.Release|Any CPU.Build.0 = Release|Any CPU
		{BB6519DA-DA8F-40E6-8B05-B96887074492}.Debug|Any CPU.ActiveCfg = Debug|Any CPU
		{BB6519DA-DA8F-40E6-8B05-B96887074492}.Debug|Any CPU.Build.0 = Debug|Any CPU
		{BB6519DA-DA8F-40E6-8B05-B96887074492}.Release|Any CPU.ActiveCfg = Release|Any CPU
		{BB6519DA-DA8F-40E6-8B05-B96887074492}.Release|Any CPU.Build.0 = Release|Any CPU
		{BF3F7085-407F-484E-8C09-D282AB9DEA05}.Debug|Any CPU.ActiveCfg = Debug|Any CPU
		{BF3F7085-407F-484E-8C09-D282AB9DEA05}.Debug|Any CPU.Build.0 = Debug|Any CPU
		{BF3F7085-407F-484E-8C09-D282AB9DEA05}.Release|Any CPU.ActiveCfg = Release|Any CPU
		{BF3F7085-407F-484E-8C09-D282AB9DEA05}.Release|Any CPU.Build.0 = Release|Any CPU
		{F0F9C154-6855-410F-99AE-A046EFF40B59}.Debug|Any CPU.ActiveCfg = Debug|Any CPU
		{F0F9C154-6855-410F-99AE-A046EFF40B59}.Debug|Any CPU.Build.0 = Debug|Any CPU
		{F0F9C154-6855-410F-99AE-A046EFF40B59}.Release|Any CPU.ActiveCfg = Release|Any CPU
		{F0F9C154-6855-410F-99AE-A046EFF40B59}.Release|Any CPU.Build.0 = Release|Any CPU
	EndGlobalSection
	GlobalSection(NestedProjects) = preSolution
		{52829726-DD32-452D-A370-3388AC595E41} = {D2EAC95A-0E3F-49CC-9DDB-C9B9B345B0D1}
		{CA9EAD29-C6E2-4440-A531-8009B3A25700} = {D2EAC95A-0E3F-49CC-9DDB-C9B9B345B0D1}
		{BB6519DA-DA8F-40E6-8B05-B96887074492} = {D2EAC95A-0E3F-49CC-9DDB-C9B9B345B0D1}
		{4739F170-A5A2-4E28-8415-FDD85F6C1DCD} = {D2EAC95A-0E3F-49CC-9DDB-C9B9B345B0D1}
		{F0F9C154-6855-410F-99AE-A046EFF40B59} = {52829726-DD32-452D-A370-3388AC595E41}
		{BF3F7085-407F-484E-8C09-D282AB9DEA05} = {52829726-DD32-452D-A370-3388AC595E41}
		{1A71D188-A6FF-4EE0-B6EE-97F9BF38A489} = {64A4A221-EFC6-42EB-A2EC-423B85C65BA4}
		{B9290266-2922-4BC4-97B6-D4C5E018A30C} = {64A4A221-EFC6-42EB-A2EC-423B85C65BA4}
		{033ED4D7-F90F-47E6-8F14-D43DE8640B9E} = {1A71D188-A6FF-4EE0-B6EE-97F9BF38A489}
		{9AD05DB7-24DD-4656-A15D-696D65E011ED} = {1A71D188-A6FF-4EE0-B6EE-97F9BF38A489}
	EndGlobalSection
	GlobalSection(MonoDevelopProperties) = preSolution
		StartupItem = FeedbackDialog\Examples\codestuffers.MvvmCross.Plugins.FeedbackDialog.Examples.Droid\codestuffers.MvvmCross.Plugins.FeedbackDialog.Examples.Droid.csproj
	EndGlobalSection
EndGlobal
